
Microsoft Visual Studio Solution File, Format Version 12.00
# Visual Studio Version 17
VisualStudioVersion = 17.7.34202.233
MinimumVisualStudioVersion = 10.0.40219.1
Project("{FAE04EC0-301F-11D3-BF4B-00C04F79EFBC}") = "kalkulator ios", "kalkulator ios.csproj", "{66B857ED-0A2D-460D-B652-40D1071484E4}"
EndProject
Global
	GlobalSection(SolutionConfigurationPlatforms) = preSolution
		Debug|Any CPU = Debug|Any CPU
		Release|Any CPU = Release|Any CPU
	EndGlobalSection
	GlobalSection(ProjectConfigurationPlatforms) = postSolution
		{66B857ED-0A2D-460D-B652-40D1071484E4}.Debug|Any CPU.ActiveCfg = Debug|Any CPU
		{66B857ED-0A2D-460D-B652-40D1071484E4}.Debug|Any CPU.Build.0 = Debug|Any CPU
		{66B857ED-0A2D-460D-B652-40D1071484E4}.Release|Any CPU.ActiveCfg = Release|Any CPU
		{66B857ED-0A2D-460D-B652-40D1071484E4}.Release|Any CPU.Build.0 = Release|Any CPU
	EndGlobalSection
	GlobalSection(SolutionProperties) = preSolution
		HideSolutionNode = FALSE
	EndGlobalSection
	GlobalSection(ExtensibilityGlobals) = postSolution
		SolutionGuid = {0696905B-4671-4CB2-B906-4C24FE7282F3}
	EndGlobalSection
EndGlobal
